
Microsoft Visual Studio Solution File, Format Version 12.00
# Visual Studio Version 17
VisualStudioVersion = 17.7.34018.315
MinimumVisualStudioVersion = 10.0.40219.1
Project("{8BC9CEB8-8B4A-11D0-8D11-00A0C91BC942}") = "Projet 2048", "Projet 2048\Projet 2048.vcxproj", "{F1134CB8-9BDA-41CD-A1D5-BF30CFA0C274}"
EndProject
Global
	GlobalSection(SolutionConfigurationPlatforms) = preSolution
		Debug|x64 = Debug|x64
		Debug|x86 = Debug|x86
		Release|x64 = Release|x64
		Release|x86 = Release|x86
	EndGlobalSection
	GlobalSection(ProjectConfigurationPlatforms) = postSolution
		{F1134CB8-9BDA-41CD-A1D5-BF30CFA0C274}.Debug|x64.ActiveCfg = Debug|x64
		{F1134CB8-9BDA-41CD-A1D5-BF30CFA0C274}.Debug|x64.Build.0 = Debug|x64
		{F1134CB8-9BDA-41CD-A1D5-BF30CFA0C274}.Debug|x86.ActiveCfg = Debug|Win32
		{F1134CB8-9BDA-41CD-A1D5-BF30CFA0C274}.Debug|x86.Build.0 = Debug|Win32
		{F1134CB8-9BDA-41CD-A1D5-BF30CFA0C274}.Release|x64.ActiveCfg = Release|x64
		{F1134CB8-9BDA-41CD-A1D5-BF30CFA0C274}.Release|x64.Build.0 = Release|x64
		{F1134CB8-9BDA-41CD-A1D5-BF30CFA0C274}.Release|x86.ActiveCfg = Release|Win32
		{F1134CB8-9BDA-41CD-A1D5-BF30CFA0C274}.Release|x86.Build.0 = Release|Win32
	EndGlobalSection
	GlobalSection(SolutionProperties) = preSolution
		HideSolutionNode = FALSE
	EndGlobalSection
	GlobalSection(ExtensibilityGlobals) = postSolution
		SolutionGuid = {680769D2-89E2-478C-89AE-393056826A5D}
	EndGlobalSection
EndGlobal
