<?xml version="1.0" encoding="utf-8"?>
<Project ToolsVersion="4.0" xmlns="http://schemas.microsoft.com/developer/msbuild/2003">
  <ItemGroup>
    <Filter Include="Fichiers sources">
      <UniqueIdentifier>{4FC737F1-C7A5-4376-A066-2A32D752A2FF}</UniqueIdentifier>
      <Extensions>cpp;c;cc;cxx;c++;cppm;ixx;def;odl;idl;hpj;bat;asm;asmx</Extensions>
    </Filter>
    <Filter Include="Fichiers d%27en-tête">
      <UniqueIdentifier>{93995380-89BD-4b04-88EB-625FBE52EBFB}</UniqueIdentifier>
      <Extensions>h;hh;hpp;hxx;h++;hm;inl;inc;ipp;xsd</Extensions>
    </Filter>
    <Filter Include="Fichiers de ressources">
      <UniqueIdentifier>{67DA6AB6-F800-4c08-8B7A-83BB121AAD01}</UniqueIdentifier>
      <Extensions>rc;ico;cur;bmp;dlg;rc2;rct;bin;rgs;gif;jpg;jpeg;jpe;resx;tiff;tif;png;wav;mfcribbon-ms</Extensions>
    </Filter>
    <Filter Include="Fichiers sources\Grid">
      <UniqueIdentifier>{f4cbc433-edad-44ad-ab2c-d735e32b28cf}</UniqueIdentifier>
    </Filter>
    <Filter Include="Fichiers sources\Tile">
      <UniqueIdentifier>{73b97ba9-1564-4757-b419-3ecdb089aed1}</UniqueIdentifier>
    </Filter>
    <Filter Include="Fichiers sources\Test">
      <UniqueIdentifier>{4d2e38c6-6c25-403b-8eaa-67b932d6b7e0}</UniqueIdentifier>
    </Filter>
    <Filter Include="Fichiers sources\Game">
      <UniqueIdentifier>{65dc15fc-1c5c-4264-8fe2-2617e251e3b6}</UniqueIdentifier>
    </Filter>
    <Filter Include="Fichiers sources\GameObject">
      <UniqueIdentifier>{4706c3e2-6bf8-4bc0-9ffe-8ac56321f4af}</UniqueIdentifier>
    </Filter>
    <Filter Include="Fichiers sources\Window">
      <UniqueIdentifier>{09aa56f4-dbf7-4e51-bdad-faeb06c7e9fc}</UniqueIdentifier>
    </Filter>
    <Filter Include="Fichiers de ressources\Image">
      <UniqueIdentifier>{912bfda6-e92f-4463-be35-1664cd7896d7}</UniqueIdentifier>
    </Filter>
    <Filter Include="Fichiers de ressources\Image\Tiles">
      <UniqueIdentifier>{e012ae3d-b1d5-4e2b-a436-ecf7f8dcb44b}</UniqueIdentifier>
    </Filter>
    <Filter Include="Fichiers de ressources\Image\Win/Lose">
      <UniqueIdentifier>{989af48c-bdd4-452f-b583-a9f44c4838fa}</UniqueIdentifier>
    </Filter>
  </ItemGroup>
  <ItemGroup>
    <ClCompile Include="main.cpp">
      <Filter>Fichiers sources</Filter>
    </ClCompile>
    <ClCompile Include="Grid.cpp">
      <Filter>Fichiers sources\Grid</Filter>
    </ClCompile>
    <ClCompile Include="Tile.cpp">
      <Filter>Fichiers sources\Tile</Filter>
    </ClCompile>
    <ClCompile Include="Test.cpp">
      <Filter>Fichiers sources\Test</Filter>
    </ClCompile>
    <ClCompile Include="Game.cpp">
      <Filter>Fichiers sources\Game</Filter>
    </ClCompile>
    <ClCompile Include="GameObject.cpp">
      <Filter>Fichiers sources\GameObject</Filter>
    </ClCompile>
    <ClCompile Include="Window.cpp">
      <Filter>Fichiers sources\Window</Filter>
    </ClCompile>
  </ItemGroup>
  <ItemGroup>
    <ClInclude Include="Grid.h">
      <Filter>Fichiers d%27en-tête</Filter>
    </ClInclude>
    <ClInclude Include="Tile.h">
      <Filter>Fichiers d%27en-tête</Filter>
    </ClInclude>
    <ClInclude Include="Test.h">
      <Filter>Fichiers d%27en-tête</Filter>
    </ClInclude>
    <ClInclude Include="Game.h">
      <Filter>Fichiers d%27en-tête</Filter>
    </ClInclude>
    <ClInclude Include="GameObject.h">
      <Filter>Fichiers d%27en-tête</Filter>
    </ClInclude>
    <ClInclude Include="Window.h">
      <Filter>Fichiers d%27en-tête</Filter>
    </ClInclude>
  </ItemGroup>
  <ItemGroup>
    <Image Include="..\..\..\..\Downloads\lose.bmp">
      <Filter>Fichiers de ressources\Image\Win/Lose</Filter>
    </Image>
    <Image Include="..\..\..\..\Downloads\win.bmp">
      <Filter>Fichiers de ressources\Image\Win/Lose</Filter>
    </Image>
    <Image Include="Image\Tile_2.bmp">
      <Filter>Fichiers de ressources\Image\Tiles</Filter>
    </Image>
    <Image Include="Image\Tile_4.bmp">
      <Filter>Fichiers de ressources\Image\Tiles</Filter>
    </Image>
    <Image Include="Image\Tile_8.bmp">
      <Filter>Fichiers de ressources\Image\Tiles</Filter>
    </Image>
    <Image Include="Image\Tile_16.bmp">
      <Filter>Fichiers de ressources\Image\Tiles</Filter>
    </Image>
    <Image Include="Image\Tile_32.bmp">
      <Filter>Fichiers de ressources\Image\Tiles</Filter>
    </Image>
    <Image Include="Image\Tile_64.bmp">
      <Filter>Fichiers de ressources\Image\Tiles</Filter>
    </Image>
    <Image Include="Image\Tile_128.bmp">
      <Filter>Fichiers de ressources\Image\Tiles</Filter>
    </Image>
    <Image Include="Image\Tile_256.bmp">
      <Filter>Fichiers de ressources\Image\Tiles</Filter>
    </Image>
    <Image Include="Image\Tile_512.bmp">
      <Filter>Fichiers de ressources\Image\Tiles</Filter>
    </Image>
    <Image Include="Image\Tile_1024.bmp">
      <Filter>Fichiers de ressources\Image\Tiles</Filter>
    </Image>
    <Image Include="Image\Tile_2048.bmp">
      <Filter>Fichiers de ressources\Image\Tiles</Filter>
    </Image>
  </ItemGroup>
</Project>